// !$*UTF8*$!
{
	archiveVersion = 1;
	classes = {
	};
	objectVersion = 46;
	objects = {

/* Begin PBXBuildFile section */
		034CB19F60E60AC7445B99AB /* Pods_SwipePageMenuUITests.framework in Frameworks */ = {isa = PBXBuildFile; fileRef = 6066F8D10DE374E62880C1E5 /* Pods_SwipePageMenuUITests.framework */; };
		370271181EBC8445001920AE /* TableViewCellResult.swift in Sources */ = {isa = PBXBuildFile; fileRef = 370271171EBC8445001920AE /* TableViewCellResult.swift */; };
		3703DA3B1ECADB2C00A72DF2 /* ViewControllerAddServices.swift in Sources */ = {isa = PBXBuildFile; fileRef = 3703DA3A1ECADB2C00A72DF2 /* ViewControllerAddServices.swift */; };
		3703DA3D1ECAF83700A72DF2 /* CollectionViewCellAddServices.swift in Sources */ = {isa = PBXBuildFile; fileRef = 3703DA3C1ECAF83700A72DF2 /* CollectionViewCellAddServices.swift */; };
		37068DA31EB710FA004FD96D /* TotalViewController.swift in Sources */ = {isa = PBXBuildFile; fileRef = 37068DA21EB710FA004FD96D /* TotalViewController.swift */; };
		37570D3B1EB8951000A8F24F /* SWRevealViewController.m in Sources */ = {isa = PBXBuildFile; fileRef = 37570D3A1EB8951000A8F24F /* SWRevealViewController.m */; };
		37A49DDC1EC2E208002773BF /* TableViewControllerEditServices.swift in Sources */ = {isa = PBXBuildFile; fileRef = 37A49DDB1EC2E208002773BF /* TableViewControllerEditServices.swift */; };
		37A49DE21EC2FECE002773BF /* TableViewCellEditServices.swift in Sources */ = {isa = PBXBuildFile; fileRef = 37A49DE11EC2FECE002773BF /* TableViewCellEditServices.swift */; };
		37A49DE41EC307D2002773BF /* Main.storyboard in Resources */ = {isa = PBXBuildFile; fileRef = 37A49DE31EC307D2002773BF /* Main.storyboard */; };
		37B580931ECC2F83008702A1 /* TblServices.swift in Sources */ = {isa = PBXBuildFile; fileRef = 37B580921ECC2F83008702A1 /* TblServices.swift */; };
		37C349E71EC4464E0098DA05 /* MenuTableViewCell.swift in Sources */ = {isa = PBXBuildFile; fileRef = 37C349E61EC4464E0098DA05 /* MenuTableViewCell.swift */; };
		37C349E91EC457020098DA05 /* MenuTableViewController.swift in Sources */ = {isa = PBXBuildFile; fileRef = 37C349E81EC457020098DA05 /* MenuTableViewController.swift */; };
		37CB3A171EB3126E00F252F7 /* AppDelegate.swift in Sources */ = {isa = PBXBuildFile; fileRef = 37CB3A161EB3126E00F252F7 /* AppDelegate.swift */; };
		37CB3A191EB3126E00F252F7 /* ViewController.swift in Sources */ = {isa = PBXBuildFile; fileRef = 37CB3A181EB3126E00F252F7 /* ViewController.swift */; };
		37CB3A1F1EB3126E00F252F7 /* SwipePageMenu.xcdatamodeld in Sources */ = {isa = PBXBuildFile; fileRef = 37CB3A1D1EB3126E00F252F7 /* SwipePageMenu.xcdatamodeld */; };
		37CB3A211EB3126E00F252F7 /* Assets.xcassets in Resources */ = {isa = PBXBuildFile; fileRef = 37CB3A201EB3126E00F252F7 /* Assets.xcassets */; };
		37CB3A241EB3126E00F252F7 /* LaunchScreen.storyboard in Resources */ = {isa = PBXBuildFile; fileRef = 37CB3A221EB3126E00F252F7 /* LaunchScreen.storyboard */; };
		37CB3A2F1EB3126E00F252F7 /* SwipePageMenuTests.swift in Sources */ = {isa = PBXBuildFile; fileRef = 37CB3A2E1EB3126E00F252F7 /* SwipePageMenuTests.swift */; };
		37CB3A3A1EB3126E00F252F7 /* SwipePageMenuUITests.swift in Sources */ = {isa = PBXBuildFile; fileRef = 37CB3A391EB3126E00F252F7 /* SwipePageMenuUITests.swift */; };
		37CB3A4C1EB32ABE00F252F7 /* ViewControllerOne.swift in Sources */ = {isa = PBXBuildFile; fileRef = 37CB3A4B1EB32ABE00F252F7 /* ViewControllerOne.swift */; };
		37CB3A4E1EB32ADA00F252F7 /* ViewControllerTwo.swift in Sources */ = {isa = PBXBuildFile; fileRef = 37CB3A4D1EB32ADA00F252F7 /* ViewControllerTwo.swift */; };
		37CB3A501EB339B100F252F7 /* CollectionViewCellOne.swift in Sources */ = {isa = PBXBuildFile; fileRef = 37CB3A4F1EB339B100F252F7 /* CollectionViewCellOne.swift */; };
		37CB3A521EB34C6200F252F7 /* CollectionViewCellTwo.swift in Sources */ = {isa = PBXBuildFile; fileRef = 37CB3A511EB34C6200F252F7 /* CollectionViewCellTwo.swift */; };
		5953B3F0A503E64506766006 /* Pods_SwipePageMenu.framework in Frameworks */ = {isa = PBXBuildFile; fileRef = 5033CD04B1A8691EB5AAFCEF /* Pods_SwipePageMenu.framework */; };
		EBB575D81B011924A36544D8 /* Pods_SwipePageMenuTests.framework in Frameworks */ = {isa = PBXBuildFile; fileRef = 135AD8234F31629744C4433C /* Pods_SwipePageMenuTests.framework */; };
/* End PBXBuildFile section */

/* Begin PBXContainerItemProxy section */
		37CB3A2B1EB3126E00F252F7 /* PBXContainerItemProxy */ = {
			isa = PBXContainerItemProxy;
			containerPortal = 37CB3A0B1EB3126D00F252F7 /* Project object */;
			proxyType = 1;
			remoteGlobalIDString = 37CB3A121EB3126D00F252F7;
			remoteInfo = SwipePageMenu;
		};
		37CB3A361EB3126E00F252F7 /* PBXContainerItemProxy */ = {
			isa = PBXContainerItemProxy;
			containerPortal = 37CB3A0B1EB3126D00F252F7 /* Project object */;
			proxyType = 1;
			remoteGlobalIDString = 37CB3A121EB3126D00F252F7;
			remoteInfo = SwipePageMenu;
		};
/* End PBXContainerItemProxy section */

/* Begin PBXFileReference section */
		135AD8234F31629744C4433C /* Pods_SwipePageMenuTests.framework */ = {isa = PBXFileReference; explicitFileType = wrapper.framework; includeInIndex = 0; path = Pods_SwipePageMenuTests.framework; sourceTree = BUILT_PRODUCTS_DIR; };
		28F67EACA9F3D498C28FC8A8 /* Pods-SwipePageMenuTests.debug.xcconfig */ = {isa = PBXFileReference; includeInIndex = 1; lastKnownFileType = text.xcconfig; name = "Pods-SwipePageMenuTests.debug.xcconfig"; path = "Pods/Target Support Files/Pods-SwipePageMenuTests/Pods-SwipePageMenuTests.debug.xcconfig"; sourceTree = "<group>"; };
		340DB05E4E7A68B58FEDE281 /* Pods-SwipePageMenu.debug.xcconfig */ = {isa = PBXFileReference; includeInIndex = 1; lastKnownFileType = text.xcconfig; name = "Pods-SwipePageMenu.debug.xcconfig"; path = "Pods/Target Support Files/Pods-SwipePageMenu/Pods-SwipePageMenu.debug.xcconfig"; sourceTree = "<group>"; };
		370271171EBC8445001920AE /* TableViewCellResult.swift */ = {isa = PBXFileReference; fileEncoding = 4; lastKnownFileType = sourcecode.swift; path = TableViewCellResult.swift; sourceTree = "<group>"; };
		3703DA3A1ECADB2C00A72DF2 /* ViewControllerAddServices.swift */ = {isa = PBXFileReference; fileEncoding = 4; lastKnownFileType = sourcecode.swift; path = ViewControllerAddServices.swift; sourceTree = "<group>"; };
		3703DA3C1ECAF83700A72DF2 /* CollectionViewCellAddServices.swift */ = {isa = PBXFileReference; fileEncoding = 4; lastKnownFileType = sourcecode.swift; path = CollectionViewCellAddServices.swift; sourceTree = "<group>"; };
		37068DA21EB710FA004FD96D /* TotalViewController.swift */ = {isa = PBXFileReference; fileEncoding = 4; lastKnownFileType = sourcecode.swift; path = TotalViewController.swift; sourceTree = "<group>"; };
		37570D391EB8951000A8F24F /* SWRevealViewController.h */ = {isa = PBXFileReference; fileEncoding = 4; lastKnownFileType = sourcecode.c.h; path = SWRevealViewController.h; sourceTree = "<group>"; };
		37570D3A1EB8951000A8F24F /* SWRevealViewController.m */ = {isa = PBXFileReference; fileEncoding = 4; lastKnownFileType = sourcecode.c.objc; path = SWRevealViewController.m; sourceTree = "<group>"; };
		37A49DDB1EC2E208002773BF /* TableViewControllerEditServices.swift */ = {isa = PBXFileReference; fileEncoding = 4; lastKnownFileType = sourcecode.swift; path = TableViewControllerEditServices.swift; sourceTree = "<group>"; };
		37A49DE11EC2FECE002773BF /* TableViewCellEditServices.swift */ = {isa = PBXFileReference; fileEncoding = 4; lastKnownFileType = sourcecode.swift; path = TableViewCellEditServices.swift; sourceTree = "<group>"; };
		37A49DE31EC307D2002773BF /* Main.storyboard */ = {isa = PBXFileReference; fileEncoding = 4; lastKnownFileType = file.storyboard; path = Main.storyboard; sourceTree = "<group>"; };
		37B580921ECC2F83008702A1 /* TblServices.swift */ = {isa = PBXFileReference; fileEncoding = 4; lastKnownFileType = sourcecode.swift; name = TblServices.swift; path = ../TblServices.swift; sourceTree = "<group>"; };
		37C349E61EC4464E0098DA05 /* MenuTableViewCell.swift */ = {isa = PBXFileReference; fileEncoding = 4; lastKnownFileType = sourcecode.swift; path = MenuTableViewCell.swift; sourceTree = "<group>"; };
		37C349E81EC457020098DA05 /* MenuTableViewController.swift */ = {isa = PBXFileReference; fileEncoding = 4; lastKnownFileType = sourcecode.swift; path = MenuTableViewController.swift; sourceTree = "<group>"; };
		37CB3A131EB3126D00F252F7 /* SwipePageMenu.app */ = {isa = PBXFileReference; explicitFileType = wrapper.application; includeInIndex = 0; path = SwipePageMenu.app; sourceTree = BUILT_PRODUCTS_DIR; };
		37CB3A161EB3126E00F252F7 /* AppDelegate.swift */ = {isa = PBXFileReference; lastKnownFileType = sourcecode.swift; path = AppDelegate.swift; sourceTree = "<group>"; };
		37CB3A181EB3126E00F252F7 /* ViewController.swift */ = {isa = PBXFileReference; lastKnownFileType = sourcecode.swift; path = ViewController.swift; sourceTree = "<group>"; };
		37CB3A1E1EB3126E00F252F7 /* SwipePageMenu.xcdatamodel */ = {isa = PBXFileReference; lastKnownFileType = wrapper.xcdatamodel; path = SwipePageMenu.xcdatamodel; sourceTree = "<group>"; };
		37CB3A201EB3126E00F252F7 /* Assets.xcassets */ = {isa = PBXFileReference; lastKnownFileType = folder.assetcatalog; path = Assets.xcassets; sourceTree = "<group>"; };
		37CB3A231EB3126E00F252F7 /* Base */ = {isa = PBXFileReference; lastKnownFileType = file.storyboard; name = Base; path = Base.lproj/LaunchScreen.storyboard; sourceTree = "<group>"; };
		37CB3A251EB3126E00F252F7 /* Info.plist */ = {isa = PBXFileReference; lastKnownFileType = text.plist.xml; path = Info.plist; sourceTree = "<group>"; };
		37CB3A2A1EB3126E00F252F7 /* SwipePageMenuTests.xctest */ = {isa = PBXFileReference; explicitFileType = wrapper.cfbundle; includeInIndex = 0; path = SwipePageMenuTests.xctest; sourceTree = BUILT_PRODUCTS_DIR; };
		37CB3A2E1EB3126E00F252F7 /* SwipePageMenuTests.swift */ = {isa = PBXFileReference; lastKnownFileType = sourcecode.swift; path = SwipePageMenuTests.swift; sourceTree = "<group>"; };
		37CB3A301EB3126E00F252F7 /* Info.plist */ = {isa = PBXFileReference; lastKnownFileType = text.plist.xml; path = Info.plist; sourceTree = "<group>"; };
		37CB3A351EB3126E00F252F7 /* SwipePageMenuUITests.xctest */ = {isa = PBXFileReference; explicitFileType = wrapper.cfbundle; includeInIndex = 0; path = SwipePageMenuUITests.xctest; sourceTree = BUILT_PRODUCTS_DIR; };
		37CB3A391EB3126E00F252F7 /* SwipePageMenuUITests.swift */ = {isa = PBXFileReference; lastKnownFileType = sourcecode.swift; path = SwipePageMenuUITests.swift; sourceTree = "<group>"; };
		37CB3A3B1EB3126E00F252F7 /* Info.plist */ = {isa = PBXFileReference; lastKnownFileType = text.plist.xml; path = Info.plist; sourceTree = "<group>"; };
		37CB3A471EB3132700F252F7 /* SwipePageMenu-Bridging-Header.h */ = {isa = PBXFileReference; lastKnownFileType = sourcecode.c.h; path = "SwipePageMenu-Bridging-Header.h"; sourceTree = "<group>"; };
		37CB3A4B1EB32ABE00F252F7 /* ViewControllerOne.swift */ = {isa = PBXFileReference; fileEncoding = 4; lastKnownFileType = sourcecode.swift; path = ViewControllerOne.swift; sourceTree = "<group>"; };
		37CB3A4D1EB32ADA00F252F7 /* ViewControllerTwo.swift */ = {isa = PBXFileReference; fileEncoding = 4; lastKnownFileType = sourcecode.swift; path = ViewControllerTwo.swift; sourceTree = "<group>"; };
		37CB3A4F1EB339B100F252F7 /* CollectionViewCellOne.swift */ = {isa = PBXFileReference; fileEncoding = 4; lastKnownFileType = sourcecode.swift; path = CollectionViewCellOne.swift; sourceTree = "<group>"; };
		37CB3A511EB34C6200F252F7 /* CollectionViewCellTwo.swift */ = {isa = PBXFileReference; fileEncoding = 4; lastKnownFileType = sourcecode.swift; path = CollectionViewCellTwo.swift; sourceTree = "<group>"; };
		486BEBCE2F21CA61B79A8D02 /* Pods-SwipePageMenu.release.xcconfig */ = {isa = PBXFileReference; includeInIndex = 1; lastKnownFileType = text.xcconfig; name = "Pods-SwipePageMenu.release.xcconfig"; path = "Pods/Target Support Files/Pods-SwipePageMenu/Pods-SwipePageMenu.release.xcconfig"; sourceTree = "<group>"; };
		5033CD04B1A8691EB5AAFCEF /* Pods_SwipePageMenu.framework */ = {isa = PBXFileReference; explicitFileType = wrapper.framework; includeInIndex = 0; path = Pods_SwipePageMenu.framework; sourceTree = BUILT_PRODUCTS_DIR; };
		5FDACE3060E77011216E1A76 /* Pods-SwipePageMenuTests.release.xcconfig */ = {isa = PBXFileReference; includeInIndex = 1; lastKnownFileType = text.xcconfig; name = "Pods-SwipePageMenuTests.release.xcconfig"; path = "Pods/Target Support Files/Pods-SwipePageMenuTests/Pods-SwipePageMenuTests.release.xcconfig"; sourceTree = "<group>"; };
		6066F8D10DE374E62880C1E5 /* Pods_SwipePageMenuUITests.framework */ = {isa = PBXFileReference; explicitFileType = wrapper.framework; includeInIndex = 0; path = Pods_SwipePageMenuUITests.framework; sourceTree = BUILT_PRODUCTS_DIR; };
		BD0B089EBBFB4EA54EDA3E5A /* Pods-SwipePageMenuUITests.debug.xcconfig */ = {isa = PBXFileReference; includeInIndex = 1; lastKnownFileType = text.xcconfig; name = "Pods-SwipePageMenuUITests.debug.xcconfig"; path = "Pods/Target Support Files/Pods-SwipePageMenuUITests/Pods-SwipePageMenuUITests.debug.xcconfig"; sourceTree = "<group>"; };
		ED555E90B90EE0E73083164D /* Pods-SwipePageMenuUITests.release.xcconfig */ = {isa = PBXFileReference; includeInIndex = 1; lastKnownFileType = text.xcconfig; name = "Pods-SwipePageMenuUITests.release.xcconfig"; path = "Pods/Target Support Files/Pods-SwipePageMenuUITests/Pods-SwipePageMenuUITests.release.xcconfig"; sourceTree = "<group>"; };
/* End PBXFileReference section */

/* Begin PBXFrameworksBuildPhase section */
		37CB3A101EB3126D00F252F7 /* Frameworks */ = {
			isa = PBXFrameworksBuildPhase;
			buildActionMask = 2147483647;
			files = (
				5953B3F0A503E64506766006 /* Pods_SwipePageMenu.framework in Frameworks */,
			);
			runOnlyForDeploymentPostprocessing = 0;
		};
		37CB3A271EB3126E00F252F7 /* Frameworks */ = {
			isa = PBXFrameworksBuildPhase;
			buildActionMask = 2147483647;
			files = (
				EBB575D81B011924A36544D8 /* Pods_SwipePageMenuTests.framework in Frameworks */,
			);
			runOnlyForDeploymentPostprocessing = 0;
		};
		37CB3A321EB3126E00F252F7 /* Frameworks */ = {
			isa = PBXFrameworksBuildPhase;
			buildActionMask = 2147483647;
			files = (
				034CB19F60E60AC7445B99AB /* Pods_SwipePageMenuUITests.framework in Frameworks */,
			);
			runOnlyForDeploymentPostprocessing = 0;
		};
/* End PBXFrameworksBuildPhase section */

/* Begin PBXGroup section */
		2C6501235EFFBB2766F4007E /* Pods */ = {
			isa = PBXGroup;
			children = (
				340DB05E4E7A68B58FEDE281 /* Pods-SwipePageMenu.debug.xcconfig */,
				486BEBCE2F21CA61B79A8D02 /* Pods-SwipePageMenu.release.xcconfig */,
				28F67EACA9F3D498C28FC8A8 /* Pods-SwipePageMenuTests.debug.xcconfig */,
				5FDACE3060E77011216E1A76 /* Pods-SwipePageMenuTests.release.xcconfig */,
				BD0B089EBBFB4EA54EDA3E5A /* Pods-SwipePageMenuUITests.debug.xcconfig */,
				ED555E90B90EE0E73083164D /* Pods-SwipePageMenuUITests.release.xcconfig */,
			);
			name = Pods;
			sourceTree = "<group>";
		};
		37CB3A0A1EB3126D00F252F7 = {
			isa = PBXGroup;
			children = (
				37CB3A151EB3126D00F252F7 /* SwipePageMenu */,
				37CB3A2D1EB3126E00F252F7 /* SwipePageMenuTests */,
				37CB3A381EB3126E00F252F7 /* SwipePageMenuUITests */,
				37CB3A141EB3126D00F252F7 /* Products */,
				2C6501235EFFBB2766F4007E /* Pods */,
				73ED67EE4916A41A11CB2D49 /* Frameworks */,
			);
			sourceTree = "<group>";
		};
		37CB3A141EB3126D00F252F7 /* Products */ = {
			isa = PBXGroup;
			children = (
				37CB3A131EB3126D00F252F7 /* SwipePageMenu.app */,
				37CB3A2A1EB3126E00F252F7 /* SwipePageMenuTests.xctest */,
				37CB3A351EB3126E00F252F7 /* SwipePageMenuUITests.xctest */,
			);
			name = Products;
			sourceTree = "<group>";
		};
		37CB3A151EB3126D00F252F7 /* SwipePageMenu */ = {
			isa = PBXGroup;
			children = (
				37CB3A161EB3126E00F252F7 /* AppDelegate.swift */,
				37CB3A181EB3126E00F252F7 /* ViewController.swift */,
				37A49DE31EC307D2002773BF /* Main.storyboard */,
				37CB3A201EB3126E00F252F7 /* Assets.xcassets */,
				37CB3A221EB3126E00F252F7 /* LaunchScreen.storyboard */,
				37CB3A251EB3126E00F252F7 /* Info.plist */,
				37CB3A1D1EB3126E00F252F7 /* SwipePageMenu.xcdatamodeld */,
				37CB3A471EB3132700F252F7 /* SwipePageMenu-Bridging-Header.h */,
				37570D391EB8951000A8F24F /* SWRevealViewController.h */,
				37570D3A1EB8951000A8F24F /* SWRevealViewController.m */,
				37CB3A4B1EB32ABE00F252F7 /* ViewControllerOne.swift */,
				37CB3A4D1EB32ADA00F252F7 /* ViewControllerTwo.swift */,
				37CB3A4F1EB339B100F252F7 /* CollectionViewCellOne.swift */,
				37CB3A511EB34C6200F252F7 /* CollectionViewCellTwo.swift */,
				37068DA21EB710FA004FD96D /* TotalViewController.swift */,
				370271171EBC8445001920AE /* TableViewCellResult.swift */,
				37A49DDB1EC2E208002773BF /* TableViewControllerEditServices.swift */,
				37A49DE11EC2FECE002773BF /* TableViewCellEditServices.swift */,
				37C349E61EC4464E0098DA05 /* MenuTableViewCell.swift */,
				37C349E81EC457020098DA05 /* MenuTableViewController.swift */,
				3703DA3A1ECADB2C00A72DF2 /* ViewControllerAddServices.swift */,
				3703DA3C1ECAF83700A72DF2 /* CollectionViewCellAddServices.swift */,
				37B580921ECC2F83008702A1 /* TblServices.swift */,
			);
			path = SwipePageMenu;
			sourceTree = "<group>";
		};
		37CB3A2D1EB3126E00F252F7 /* SwipePageMenuTests */ = {
			isa = PBXGroup;
			children = (
				37CB3A2E1EB3126E00F252F7 /* SwipePageMenuTests.swift */,
				37CB3A301EB3126E00F252F7 /* Info.plist */,
			);
			path = SwipePageMenuTests;
			sourceTree = "<group>";
		};
		37CB3A381EB3126E00F252F7 /* SwipePageMenuUITests */ = {
			isa = PBXGroup;
			children = (
				37CB3A391EB3126E00F252F7 /* SwipePageMenuUITests.swift */,
				37CB3A3B1EB3126E00F252F7 /* Info.plist */,
			);
			path = SwipePageMenuUITests;
			sourceTree = "<group>";
		};
		73ED67EE4916A41A11CB2D49 /* Frameworks */ = {
			isa = PBXGroup;
			children = (
				5033CD04B1A8691EB5AAFCEF /* Pods_SwipePageMenu.framework */,
				135AD8234F31629744C4433C /* Pods_SwipePageMenuTests.framework */,
				6066F8D10DE374E62880C1E5 /* Pods_SwipePageMenuUITests.framework */,
			);
			name = Frameworks;
			sourceTree = "<group>";
		};
/* End PBXGroup section */

/* Begin PBXNativeTarget section */
		37CB3A121EB3126D00F252F7 /* SwipePageMenu */ = {
			isa = PBXNativeTarget;
			buildConfigurationList = 37CB3A3E1EB3126E00F252F7 /* Build configuration list for PBXNativeTarget "SwipePageMenu" */;
			buildPhases = (
				E4B7022E09883BB3D4870EAB /* [CP] Check Pods Manifest.lock */,
				37CB3A0F1EB3126D00F252F7 /* Sources */,
				37CB3A101EB3126D00F252F7 /* Frameworks */,
				37CB3A111EB3126D00F252F7 /* Resources */,
				D5BBB557926830096D6F0E02 /* [CP] Embed Pods Frameworks */,
				4B82BDEA1E0E2577845A5B6C /* [CP] Copy Pods Resources */,
			);
			buildRules = (
			);
			dependencies = (
			);
			name = SwipePageMenu;
			productName = SwipePageMenu;
			productReference = 37CB3A131EB3126D00F252F7 /* SwipePageMenu.app */;
			productType = "com.apple.product-type.application";
		};
		37CB3A291EB3126E00F252F7 /* SwipePageMenuTests */ = {
			isa = PBXNativeTarget;
			buildConfigurationList = 37CB3A411EB3126E00F252F7 /* Build configuration list for PBXNativeTarget "SwipePageMenuTests" */;
			buildPhases = (
				B5A6485A5101AC648832F8F6 /* [CP] Check Pods Manifest.lock */,
				37CB3A261EB3126E00F252F7 /* Sources */,
				37CB3A271EB3126E00F252F7 /* Frameworks */,
				37CB3A281EB3126E00F252F7 /* Resources */,
				B8A78F879F2AA5B0C330CD70 /* [CP] Embed Pods Frameworks */,
				C9F1E414BC4E9E199A291822 /* [CP] Copy Pods Resources */,
			);
			buildRules = (
			);
			dependencies = (
				37CB3A2C1EB3126E00F252F7 /* PBXTargetDependency */,
			);
			name = SwipePageMenuTests;
			productName = SwipePageMenuTests;
			productReference = 37CB3A2A1EB3126E00F252F7 /* SwipePageMenuTests.xctest */;
			productType = "com.apple.product-type.bundle.unit-test";
		};
		37CB3A341EB3126E00F252F7 /* SwipePageMenuUITests */ = {
			isa = PBXNativeTarget;
			buildConfigurationList = 37CB3A441EB3126E00F252F7 /* Build configuration list for PBXNativeTarget "SwipePageMenuUITests" */;
			buildPhases = (
				FE3517FBB8D9057A94D3DFD8 /* [CP] Check Pods Manifest.lock */,
				37CB3A311EB3126E00F252F7 /* Sources */,
				37CB3A321EB3126E00F252F7 /* Frameworks */,
				37CB3A331EB3126E00F252F7 /* Resources */,
				C77867ACB487521E29313005 /* [CP] Copy Pods Resources */,
			);
			buildRules = (
			);
			dependencies = (
				37CB3A371EB3126E00F252F7 /* PBXTargetDependency */,
			);
			name = SwipePageMenuUITests;
			productName = SwipePageMenuUITests;
			productReference = 37CB3A351EB3126E00F252F7 /* SwipePageMenuUITests.xctest */;
			productType = "com.apple.product-type.bundle.ui-testing";
		};
/* End PBXNativeTarget section */

/* Begin PBXProject section */
		37CB3A0B1EB3126D00F252F7 /* Project object */ = {
			isa = PBXProject;
			attributes = {
				LastSwiftUpdateCheck = 0730;
				LastUpgradeCheck = 0730;
				ORGANIZATIONNAME = Prabin;
				TargetAttributes = {
					37CB3A121EB3126D00F252F7 = {
						CreatedOnToolsVersion = 7.3.1;
					};
					37CB3A291EB3126E00F252F7 = {
						CreatedOnToolsVersion = 7.3.1;
						TestTargetID = 37CB3A121EB3126D00F252F7;
					};
					37CB3A341EB3126E00F252F7 = {
						CreatedOnToolsVersion = 7.3.1;
						TestTargetID = 37CB3A121EB3126D00F252F7;
					};
				};
			};
			buildConfigurationList = 37CB3A0E1EB3126D00F252F7 /* Build configuration list for PBXProject "SwipePageMenu" */;
			compatibilityVersion = "Xcode 3.2";
			developmentRegion = English;
			hasScannedForEncodings = 0;
			knownRegions = (
				en,
				Base,
			);
			mainGroup = 37CB3A0A1EB3126D00F252F7;
			productRefGroup = 37CB3A141EB3126D00F252F7 /* Products */;
			projectDirPath = "";
			projectRoot = "";
			targets = (
				37CB3A121EB3126D00F252F7 /* SwipePageMenu */,
				37CB3A291EB3126E00F252F7 /* SwipePageMenuTests */,
				37CB3A341EB3126E00F252F7 /* SwipePageMenuUITests */,
			);
		};
/* End PBXProject section */

/* Begin PBXResourcesBuildPhase section */
		37CB3A111EB3126D00F252F7 /* Resources */ = {
			isa = PBXResourcesBuildPhase;
			buildActionMask = 2147483647;
			files = (
				37A49DE41EC307D2002773BF /* Main.storyboard in Resources */,
				37CB3A241EB3126E00F252F7 /* LaunchScreen.storyboard in Resources */,
				37CB3A211EB3126E00F252F7 /* Assets.xcassets in Resources */,
			);
			runOnlyForDeploymentPostprocessing = 0;
		};
		37CB3A281EB3126E00F252F7 /* Resources */ = {
			isa = PBXResourcesBuildPhase;
			buildActionMask = 2147483647;
			files = (
			);
			runOnlyForDeploymentPostprocessing = 0;
		};
		37CB3A331EB3126E00F252F7 /* Resources */ = {
			isa = PBXResourcesBuildPhase;
			buildActionMask = 2147483647;
			files = (
			);
			runOnlyForDeploymentPostprocessing = 0;
		};
/* End PBXResourcesBuildPhase section */

/* Begin PBXShellScriptBuildPhase section */
		4B82BDEA1E0E2577845A5B6C /* [CP] Copy Pods Resources */ = {
			isa = PBXShellScriptBuildPhase;
			buildActionMask = 2147483647;
			files = (
			);
			inputPaths = (
			);
			name = "[CP] Copy Pods Resources";
			outputPaths = (
			);
			runOnlyForDeploymentPostprocessing = 0;
			shellPath = /bin/sh;
			shellScript = "\"${SRCROOT}/Pods/Target Support Files/Pods-SwipePageMenu/Pods-SwipePageMenu-resources.sh\"\n";
			showEnvVarsInLog = 0;
		};
		B5A6485A5101AC648832F8F6 /* [CP] Check Pods Manifest.lock */ = {
			isa = PBXShellScriptBuildPhase;
			buildActionMask = 2147483647;
			files = (
			);
			inputPaths = (
			);
			name = "[CP] Check Pods Manifest.lock";
			outputPaths = (
			);
			runOnlyForDeploymentPostprocessing = 0;
			shellPath = /bin/sh;
			shellScript = "diff \"${PODS_ROOT}/../Podfile.lock\" \"${PODS_ROOT}/Manifest.lock\" > /dev/null\nif [[ $? != 0 ]] ; then\n    cat << EOM\nerror: The sandbox is not in sync with the Podfile.lock. Run 'pod install' or update your CocoaPods installation.\nEOM\n    exit 1\nfi\n";
			showEnvVarsInLog = 0;
		};
		B8A78F879F2AA5B0C330CD70 /* [CP] Embed Pods Frameworks */ = {
			isa = PBXShellScriptBuildPhase;
			buildActionMask = 2147483647;
			files = (
			);
			inputPaths = (
			);
			name = "[CP] Embed Pods Frameworks";
			outputPaths = (
			);
			runOnlyForDeploymentPostprocessing = 0;
			shellPath = /bin/sh;
			shellScript = "\"${SRCROOT}/Pods/Target Support Files/Pods-SwipePageMenuTests/Pods-SwipePageMenuTests-frameworks.sh\"\n";
			showEnvVarsInLog = 0;
		};
		C77867ACB487521E29313005 /* [CP] Copy Pods Resources */ = {
			isa = PBXShellScriptBuildPhase;
			buildActionMask = 2147483647;
			files = (
			);
			inputPaths = (
			);
			name = "[CP] Copy Pods Resources";
			outputPaths = (
			);
			runOnlyForDeploymentPostprocessing = 0;
			shellPath = /bin/sh;
			shellScript = "\"${SRCROOT}/Pods/Target Support Files/Pods-SwipePageMenuUITests/Pods-SwipePageMenuUITests-resources.sh\"\n";
			showEnvVarsInLog = 0;
		};
		C9F1E414BC4E9E199A291822 /* [CP] Copy Pods Resources */ = {
			isa = PBXShellScriptBuildPhase;
			buildActionMask = 2147483647;
			files = (
			);
			inputPaths = (
			);
			name = "[CP] Copy Pods Resources";
			outputPaths = (
			);
			runOnlyForDeploymentPostprocessing = 0;
			shellPath = /bin/sh;
			shellScript = "\"${SRCROOT}/Pods/Target Support Files/Pods-SwipePageMenuTests/Pods-SwipePageMenuTests-resources.sh\"\n";
			showEnvVarsInLog = 0;
		};
		D5BBB557926830096D6F0E02 /* [CP] Embed Pods Frameworks */ = {
			isa = PBXShellScriptBuildPhase;
			buildActionMask = 2147483647;
			files = (
			);
			inputPaths = (
			);
			name = "[CP] Embed Pods Frameworks";
			outputPaths = (
			);
			runOnlyForDeploymentPostprocessing = 0;
			shellPath = /bin/sh;
			shellScript = "\"${SRCROOT}/Pods/Target Support Files/Pods-SwipePageMenu/Pods-SwipePageMenu-frameworks.sh\"\n";
			showEnvVarsInLog = 0;
		};
		E4B7022E09883BB3D4870EAB /* [CP] Check Pods Manifest.lock */ = {
			isa = PBXShellScriptBuildPhase;
			buildActionMask = 2147483647;
			files = (
			);
			inputPaths = (
			);
			name = "[CP] Check Pods Manifest.lock";
			outputPaths = (
			);
			runOnlyForDeploymentPostprocessing = 0;
			shellPath = /bin/sh;
			shellScript = "diff \"${PODS_ROOT}/../Podfile.lock\" \"${PODS_ROOT}/Manifest.lock\" > /dev/null\nif [[ $? != 0 ]] ; then\n    cat << EOM\nerror: The sandbox is not in sync with the Podfile.lock. Run 'pod install' or update your CocoaPods installation.\nEOM\n    exit 1\nfi\n";
			showEnvVarsInLog = 0;
		};
		FE3517FBB8D9057A94D3DFD8 /* [CP] Check Pods Manifest.lock */ = {
			isa = PBXShellScriptBuildPhase;
			buildActionMask = 2147483647;
			files = (
			);
			inputPaths = (
			);
			name = "[CP] Check Pods Manifest.lock";
			outputPaths = (
			);
			runOnlyForDeploymentPostprocessing = 0;
			shellPath = /bin/sh;
			shellScript = "diff \"${PODS_ROOT}/../Podfile.lock\" \"${PODS_ROOT}/Manifest.lock\" > /dev/null\nif [[ $? != 0 ]] ; then\n    cat << EOM\nerror: The sandbox is not in sync with the Podfile.lock. Run 'pod install' or update your CocoaPods installation.\nEOM\n    exit 1\nfi\n";
			showEnvVarsInLog = 0;
		};
/* End PBXShellScriptBuildPhase section */

/* Begin PBXSourcesBuildPhase section */
		37CB3A0F1EB3126D00F252F7 /* Sources */ = {
			isa = PBXSourcesBuildPhase;
			buildActionMask = 2147483647;
			files = (
				370271181EBC8445001920AE /* TableViewCellResult.swift in Sources */,
				37C349E91EC457020098DA05 /* MenuTableViewController.swift in Sources */,
				3703DA3D1ECAF83700A72DF2 /* CollectionViewCellAddServices.swift in Sources */,
				37C349E71EC4464E0098DA05 /* MenuTableViewCell.swift in Sources */,
				37CB3A1F1EB3126E00F252F7 /* SwipePageMenu.xcdatamodeld in Sources */,
				37A49DE21EC2FECE002773BF /* TableViewCellEditServices.swift in Sources */,
				37CB3A501EB339B100F252F7 /* CollectionViewCellOne.swift in Sources */,
				3703DA3B1ECADB2C00A72DF2 /* ViewControllerAddServices.swift in Sources */,
				37CB3A4C1EB32ABE00F252F7 /* ViewControllerOne.swift in Sources */,
				37A49DDC1EC2E208002773BF /* TableViewControllerEditServices.swift in Sources */,
				37CB3A191EB3126E00F252F7 /* ViewController.swift in Sources */,
				37CB3A171EB3126E00F252F7 /* AppDelegate.swift in Sources */,
				37CB3A4E1EB32ADA00F252F7 /* ViewControllerTwo.swift in Sources */,
				37B580931ECC2F83008702A1 /* TblServices.swift in Sources */,
				37570D3B1EB8951000A8F24F /* SWRevealViewController.m in Sources */,
				37CB3A521EB34C6200F252F7 /* CollectionViewCellTwo.swift in Sources */,
				37068DA31EB710FA004FD96D /* TotalViewController.swift in Sources */,
			);
			runOnlyForDeploymentPostprocessing = 0;
		};
		37CB3A261EB3126E00F252F7 /* Sources */ = {
			isa = PBXSourcesBuildPhase;
			buildActionMask = 2147483647;
			files = (
				37CB3A2F1EB3126E00F252F7 /* SwipePageMenuTests.swift in Sources */,
			);
			runOnlyForDeploymentPostprocessing = 0;
		};
		37CB3A311EB3126E00F252F7 /* Sources */ = {
			isa = PBXSourcesBuildPhase;
			buildActionMask = 2147483647;
			files = (
				37CB3A3A1EB3126E00F252F7 /* SwipePageMenuUITests.swift in Sources */,
			);
			runOnlyForDeploymentPostprocessing = 0;
		};
/* End PBXSourcesBuildPhase section */

/* Begin PBXTargetDependency section */
		37CB3A2C1EB3126E00F252F7 /* PBXTargetDependency */ = {
			isa = PBXTargetDependency;
			target = 37CB3A121EB3126D00F252F7 /* SwipePageMenu */;
			targetProxy = 37CB3A2B1EB3126E00F252F7 /* PBXContainerItemProxy */;
		};
		37CB3A371EB3126E00F252F7 /* PBXTargetDependency */ = {
			isa = PBXTargetDependency;
			target = 37CB3A121EB3126D00F252F7 /* SwipePageMenu */;
			targetProxy = 37CB3A361EB3126E00F252F7 /* PBXContainerItemProxy */;
		};
/* End PBXTargetDependency section */

/* Begin PBXVariantGroup section */
		37CB3A221EB3126E00F252F7 /* LaunchScreen.storyboard */ = {
			isa = PBXVariantGroup;
			children = (
				37CB3A231EB3126E00F252F7 /* Base */,
			);
			name = LaunchScreen.storyboard;
			sourceTree = "<group>";
		};
/* End PBXVariantGroup section */

/* Begin XCBuildConfiguration section */
		37CB3A3C1EB3126E00F252F7 /* Debug */ = {
			isa = XCBuildConfiguration;
			buildSettings = {
				ALWAYS_SEARCH_USER_PATHS = NO;
				CLANG_ANALYZER_NONNULL = YES;
				CLANG_CXX_LANGUAGE_STANDARD = "gnu++0x";
				CLANG_CXX_LIBRARY = "libc++";
				CLANG_ENABLE_MODULES = YES;
				CLANG_ENABLE_OBJC_ARC = YES;
				CLANG_WARN_BOOL_CONVERSION = YES;
				CLANG_WARN_CONSTANT_CONVERSION = YES;
				CLANG_WARN_DIRECT_OBJC_ISA_USAGE = YES_ERROR;
				CLANG_WARN_EMPTY_BODY = YES;
				CLANG_WARN_ENUM_CONVERSION = YES;
				CLANG_WARN_INT_CONVERSION = YES;
				CLANG_WARN_OBJC_ROOT_CLASS = YES_ERROR;
				CLANG_WARN_UNREACHABLE_CODE = YES;
				CLANG_WARN__DUPLICATE_METHOD_MATCH = YES;
				"CODE_SIGN_IDENTITY[sdk=iphoneos*]" = "iPhone Developer";
				COPY_PHASE_STRIP = NO;
				DEBUG_INFORMATION_FORMAT = dwarf;
				ENABLE_STRICT_OBJC_MSGSEND = YES;
				ENABLE_TESTABILITY = YES;
				GCC_C_LANGUAGE_STANDARD = gnu99;
				GCC_DYNAMIC_NO_PIC = NO;
				GCC_NO_COMMON_BLOCKS = YES;
				GCC_OPTIMIZATION_LEVEL = 0;
				GCC_PREPROCESSOR_DEFINITIONS = (
					"DEBUG=1",
					"$(inherited)",
				);
				GCC_WARN_64_TO_32_BIT_CONVERSION = YES;
				GCC_WARN_ABOUT_RETURN_TYPE = YES_ERROR;
				GCC_WARN_UNDECLARED_SELECTOR = YES;
				GCC_WARN_UNINITIALIZED_AUTOS = YES_AGGRESSIVE;
				GCC_WARN_UNUSED_FUNCTION = YES;
				GCC_WARN_UNUSED_VARIABLE = YES;
				IPHONEOS_DEPLOYMENT_TARGET = 9.3;
				MTL_ENABLE_DEBUG_INFO = YES;
				ONLY_ACTIVE_ARCH = YES;
				SDKROOT = iphoneos;
				SWIFT_OPTIMIZATION_LEVEL = "-Onone";
				TARGETED_DEVICE_FAMILY = "1,2";
			};
			name = Debug;
		};
		37CB3A3D1EB3126E00F252F7 /* Release */ = {
			isa = XCBuildConfiguration;
			buildSettings = {
				ALWAYS_SEARCH_USER_PATHS = NO;
				CLANG_ANALYZER_NONNULL = YES;
				CLANG_CXX_LANGUAGE_STANDARD = "gnu++0x";
				CLANG_CXX_LIBRARY = "libc++";
				CLANG_ENABLE_MODULES = YES;
				CLANG_ENABLE_OBJC_ARC = YES;
				CLANG_WARN_BOOL_CONVERSION = YES;
				CLANG_WARN_CONSTANT_CONVERSION = YES;
				CLANG_WARN_DIRECT_OBJC_ISA_USAGE = YES_ERROR;
				CLANG_WARN_EMPTY_BODY = YES;
				CLANG_WARN_ENUM_CONVERSION = YES;
				CLANG_WARN_INT_CONVERSION = YES;
				CLANG_WARN_OBJC_ROOT_CLASS = YES_ERROR;
				CLANG_WARN_UNREACHABLE_CODE = YES;
				CLANG_WARN__DUPLICATE_METHOD_MATCH = YES;
				"CODE_SIGN_IDENTITY[sdk=iphoneos*]" = "iPhone Developer";
				COPY_PHASE_STRIP = NO;
				DEBUG_INFORMATION_FORMAT = "dwarf-with-dsym";
				ENABLE_NS_ASSERTIONS = NO;
				ENABLE_STRICT_OBJC_MSGSEND = YES;
				GCC_C_LANGUAGE_STANDARD = gnu99;
				GCC_NO_COMMON_BLOCKS = YES;
				GCC_WARN_64_TO_32_BIT_CONVERSION = YES;
				GCC_WARN_ABOUT_RETURN_TYPE = YES_ERROR;
				GCC_WARN_UNDECLARED_SELECTOR = YES;
				GCC_WARN_UNINITIALIZED_AUTOS = YES_AGGRESSIVE;
				GCC_WARN_UNUSED_FUNCTION = YES;
				GCC_WARN_UNUSED_VARIABLE = YES;
				IPHONEOS_DEPLOYMENT_TARGET = 9.3;
				MTL_ENABLE_DEBUG_INFO = NO;
				SDKROOT = iphoneos;
				TARGETED_DEVICE_FAMILY = "1,2";
				VALIDATE_PRODUCT = YES;
			};
			name = Release;
		};
		37CB3A3F1EB3126E00F252F7 /* Debug */ = {
			isa = XCBuildConfiguration;
			baseConfigurationReference = 340DB05E4E7A68B58FEDE281 /* Pods-SwipePageMenu.debug.xcconfig */;
			buildSettings = {
				ASSETCATALOG_COMPILER_APPICON_NAME = AppIcon;
				CLANG_ENABLE_MODULES = YES;
				INFOPLIST_FILE = SwipePageMenu/Info.plist;
				LD_RUNPATH_SEARCH_PATHS = "$(inherited) @executable_path/Frameworks";
				PRODUCT_BUNDLE_IDENTIFIER = Prabin.SwipePageMenu;
				PRODUCT_NAME = "$(TARGET_NAME)";
				SWIFT_OBJC_BRIDGING_HEADER = "SwipePageMenu/SwipePageMenu-Bridging-Header.h";
				SWIFT_OPTIMIZATION_LEVEL = "-Onone";
			};
			name = Debug;
		};
		37CB3A401EB3126E00F252F7 /* Release */ = {
			isa = XCBuildConfiguration;
			baseConfigurationReference = 486BEBCE2F21CA61B79A8D02 /* Pods-SwipePageMenu.release.xcconfig */;
			buildSettings = {
				ASSETCATALOG_COMPILER_APPICON_NAME = AppIcon;
				CLANG_ENABLE_MODULES = YES;
				INFOPLIST_FILE = SwipePageMenu/Info.plist;
				LD_RUNPATH_SEARCH_PATHS = "$(inherited) @executable_path/Frameworks";
				PRODUCT_BUNDLE_IDENTIFIER = Prabin.SwipePageMenu;
				PRODUCT_NAME = "$(TARGET_NAME)";
				SWIFT_OBJC_BRIDGING_HEADER = "SwipePageMenu/SwipePageMenu-Bridging-Header.h";
			};
			name = Release;
		};
		37CB3A421EB3126E00F252F7 /* Debug */ = {
			isa = XCBuildConfiguration;
			baseConfigurationReference = 28F67EACA9F3D498C28FC8A8 /* Pods-SwipePageMenuTests.debug.xcconfig */;
			buildSettings = {
				BUNDLE_LOADER = "$(TEST_HOST)";
				INFOPLIST_FILE = SwipePageMenuTests/Info.plist;
				LD_RUNPATH_SEARCH_PATHS = "$(inherited) @executable_path/Frameworks @loader_path/Frameworks";
				PRODUCT_BUNDLE_IDENTIFIER = Prabin.SwipePageMenuTests;
				PRODUCT_NAME = "$(TARGET_NAME)";
				TEST_HOST = "$(BUILT_PRODUCTS_DIR)/SwipePageMenu.app/SwipePageMenu";
			};
			name = Debug;
		};
		37CB3A431EB3126E00F252F7 /* Release */ = {
			isa = XCBuildConfiguration;
			baseConfigurationReference = 5FDACE3060E77011216E1A76 /* Pods-SwipePageMenuTests.release.xcconfig */;
			buildSettings = {
				BUNDLE_LOADER = "$(TEST_HOST)";
				INFOPLIST_FILE = SwipePageMenuTests/Info.plist;
				LD_RUNPATH_SEARCH_PATHS = "$(inherited) @executable_path/Frameworks @loader_path/Frameworks";
				PRODUCT_BUNDLE_IDENTIFIER = Prabin.SwipePageMenuTests;
				PRODUCT_NAME = "$(TARGET_NAME)";
				TEST_HOST = "$(BUILT_PRODUCTS_DIR)/SwipePageMenu.app/SwipePageMenu";
			};
			name = Release;
		};
		37CB3A451EB3126E00F252F7 /* Debug */ = {
			isa = XCBuildConfiguration;
			baseConfigurationReference = BD0B089EBBFB4EA54EDA3E5A /* Pods-SwipePageMenuUITests.debug.xcconfig */;
			buildSettings = {
				INFOPLIST_FILE = SwipePageMenuUITests/Info.plist;
				LD_RUNPATH_SEARCH_PATHS = "$(inherited) @executable_path/Frameworks @loader_path/Frameworks";
				PRODUCT_BUNDLE_IDENTIFIER = Prabin.SwipePageMenuUITests;
				PRODUCT_NAME = "$(TARGET_NAME)";
				TEST_TARGET_NAME = SwipePageMenu;
			};
			name = Debug;
		};
		37CB3A461EB3126E00F252F7 /* Release */ = {
			isa = XCBuildConfiguration;
			baseConfigurationReference = ED555E90B90EE0E73083164D /* Pods-SwipePageMenuUITests.release.xcconfig */;
			buildSettings = {
				INFOPLIST_FILE = SwipePageMenuUITests/Info.plist;
				LD_RUNPATH_SEARCH_PATHS = "$(inherited) @executable_path/Frameworks @loader_path/Frameworks";
				PRODUCT_BUNDLE_IDENTIFIER = Prabin.SwipePageMenuUITests;
				PRODUCT_NAME = "$(TARGET_NAME)";
				TEST_TARGET_NAME = SwipePageMenu;
			};
			name = Release;
		};
/* End XCBuildConfiguration section */

/* Begin XCConfigurationList section */
		37CB3A0E1EB3126D00F252F7 /* Build configuration list for PBXProject "SwipePageMenu" */ = {
			isa = XCConfigurationList;
			buildConfigurations = (
				37CB3A3C1EB3126E00F252F7 /* Debug */,
				37CB3A3D1EB3126E00F252F7 /* Release */,
			);
			defaultConfigurationIsVisible = 0;
			defaultConfigurationName = Release;
		};
		37CB3A3E1EB3126E00F252F7 /* Build configuration list for PBXNativeTarget "SwipePageMenu" */ = {
			isa = XCConfigurationList;
			buildConfigurations = (
				37CB3A3F1EB3126E00F252F7 /* Debug */,
				37CB3A401EB3126E00F252F7 /* Release */,
			);
			defaultConfigurationIsVisible = 0;
			defaultConfigurationName = Release;
		};
		37CB3A411EB3126E00F252F7 /* Build configuration list for PBXNativeTarget "SwipePageMenuTests" */ = {
			isa = XCConfigurationList;
			buildConfigurations = (
				37CB3A421EB3126E00F252F7 /* Debug */,
				37CB3A431EB3126E00F252F7 /* Release */,
			);
			defaultConfigurationIsVisible = 0;
			defaultConfigurationName = Release;
		};
		37CB3A441EB3126E00F252F7 /* Build configuration list for PBXNativeTarget "SwipePageMenuUITests" */ = {
			isa = XCConfigurationList;
			buildConfigurations = (
				37CB3A451EB3126E00F252F7 /* Debug */,
				37CB3A461EB3126E00F252F7 /* Release */,
			);
			defaultConfigurationIsVisible = 0;
			defaultConfigurationName = Release;
		};
/* End XCConfigurationList section */

/* Begin XCVersionGroup section */
		37CB3A1D1EB3126E00F252F7 /* SwipePageMenu.xcdatamodeld */ = {
			isa = XCVersionGroup;
			children = (
				37CB3A1E1EB3126E00F252F7 /* SwipePageMenu.xcdatamodel */,
			);
			currentVersion = 37CB3A1E1EB3126E00F252F7 /* SwipePageMenu.xcdatamodel */;
			path = SwipePageMenu.xcdatamodeld;
			sourceTree = "<group>";
			versionGroupType = wrapper.xcdatamodel;
		};
/* End XCVersionGroup section */
	};
	rootObject = 37CB3A0B1EB3126D00F252F7 /* Project object */;
}
